
Microsoft Visual Studio Solution File, Format Version 12.00
# Visual Studio Version 17
VisualStudioVersion = 17.8.34511.84
MinimumVisualStudioVersion = 10.0.40219.1
Project("{FAE04EC0-301F-11D3-BF4B-00C04F79EFBC}") = "ConsoleAppHWMath", "ConsoleAppHWMath\ConsoleAppHWMath.csproj", "{0086689A-14AD-4BE0-A28A-9C362FA411C5}"
EndProject
Global
	GlobalSection(SolutionConfigurationPlatforms) = preSolution
		Debug|Any CPU = Debug|Any CPU
		Release|Any CPU = Release|Any CPU
	EndGlobalSection
	GlobalSection(ProjectConfigurationPlatforms) = postSolution
		{0086689A-14AD-4BE0-A28A-9C362FA411C5}.Debug|Any CPU.ActiveCfg = Debug|Any CPU
		{0086689A-14AD-4BE0-A28A-9C362FA411C5}.Debug|Any CPU.Build.0 = Debug|Any CPU
		{0086689A-14AD-4BE0-A28A-9C362FA411C5}.Release|Any CPU.ActiveCfg = Release|Any CPU
		{0086689A-14AD-4BE0-A28A-9C362FA411C5}.Release|Any CPU.Build.0 = Release|Any CPU
	EndGlobalSection
	GlobalSection(SolutionProperties) = preSolution
		HideSolutionNode = FALSE
	EndGlobalSection
	GlobalSection(ExtensibilityGlobals) = postSolution
		SolutionGuid = {09164E48-2BC1-4227-BC9C-CDD3EA34C30D}
	EndGlobalSection
EndGlobal
